// !$*UTF8*$!
{
	archiveVersion = 1;
	classes = {
	};
	objectVersion = 56;
	objects = {

/* Begin PBXBuildFile section */
		6669F6372C19EF8B00BC7951 /* AngiesHomeApp.swift in Sources */ = {isa = PBXBuildFile; fileRef = 6669F6362C19EF8B00BC7951 /* AngiesHomeApp.swift */; };
		6669F6392C19EF8B00BC7951 /* ContentView.swift in Sources */ = {isa = PBXBuildFile; fileRef = 6669F6382C19EF8B00BC7951 /* ContentView.swift */; };
		6669F63B2C19EF8D00BC7951 /* Assets.xcassets in Resources */ = {isa = PBXBuildFile; fileRef = 6669F63A2C19EF8D00BC7951 /* Assets.xcassets */; };
		6669F63E2C19EF8D00BC7951 /* Preview Assets.xcassets in Resources */ = {isa = PBXBuildFile; fileRef = 6669F63D2C19EF8D00BC7951 /* Preview Assets.xcassets */; };
		6669F6482C19EF8D00BC7951 /* AngiesHomeTests.swift in Sources */ = {isa = PBXBuildFile; fileRef = 6669F6472C19EF8D00BC7951 /* AngiesHomeTests.swift */; };
		6669F6522C19EF8D00BC7951 /* AngiesHomeUITests.swift in Sources */ = {isa = PBXBuildFile; fileRef = 6669F6512C19EF8D00BC7951 /* AngiesHomeUITests.swift */; };
		6669F6542C19EF8D00BC7951 /* AngiesHomeUITestsLaunchTests.swift in Sources */ = {isa = PBXBuildFile; fileRef = 6669F6532C19EF8D00BC7951 /* AngiesHomeUITestsLaunchTests.swift */; };
		6669F6612C19F1A900BC7951 /* ModelData.swift in Sources */ = {isa = PBXBuildFile; fileRef = 6669F6602C19F1A900BC7951 /* ModelData.swift */; };
		6669F6662C19F2D200BC7951 /* CircleImage.swift in Sources */ = {isa = PBXBuildFile; fileRef = 6669F6652C19F2D200BC7951 /* CircleImage.swift */; };
		6669F6682C19F2E100BC7951 /* MapView.swift in Sources */ = {isa = PBXBuildFile; fileRef = 6669F6672C19F2E100BC7951 /* MapView.swift */; };
		6669F66A2C19F32700BC7951 /* FacilityRow.swift in Sources */ = {isa = PBXBuildFile; fileRef = 6669F6692C19F32700BC7951 /* FacilityRow.swift */; };
		6669F66F2C19F6D600BC7951 /* facilityData.json in Resources */ = {isa = PBXBuildFile; fileRef = 6669F66E2C19F6D500BC7951 /* facilityData.json */; };
		6669F6722C1B293500BC7951 /* Facility.swift in Sources */ = {isa = PBXBuildFile; fileRef = 6669F6712C1B293500BC7951 /* Facility.swift */; };
		6669F6782C1B319600BC7951 /* FacilityList.swift in Sources */ = {isa = PBXBuildFile; fileRef = 6669F6772C1B319600BC7951 /* FacilityList.swift */; };
		6669F67A2C1B373700BC7951 /* FacilityDetail.swift in Sources */ = {isa = PBXBuildFile; fileRef = 6669F6792C1B373700BC7951 /* FacilityDetail.swift */; };
		6669F67C2C20820900BC7951 /* ToggleButton.swift in Sources */ = {isa = PBXBuildFile; fileRef = 6669F67B2C20820900BC7951 /* ToggleButton.swift */; };
/* End PBXBuildFile section */

/* Begin PBXContainerItemProxy section */
		6669F6442C19EF8D00BC7951 /* PBXContainerItemProxy */ = {
			isa = PBXContainerItemProxy;
			containerPortal = 6669F62B2C19EF8B00BC7951 /* Project object */;
			proxyType = 1;
			remoteGlobalIDString = 6669F6322C19EF8B00BC7951;
			remoteInfo = AngiesHome;
		};
		6669F64E2C19EF8D00BC7951 /* PBXContainerItemProxy */ = {
			isa = PBXContainerItemProxy;
			containerPortal = 6669F62B2C19EF8B00BC7951 /* Project object */;
			proxyType = 1;
			remoteGlobalIDString = 6669F6322C19EF8B00BC7951;
			remoteInfo = AngiesHome;
		};
/* End PBXContainerItemProxy section */

/* Begin PBXFileReference section */
		6669F6332C19EF8B00BC7951 /* AngiesHome.app */ = {isa = PBXFileReference; explicitFileType = wrapper.application; includeInIndex = 0; path = AngiesHome.app; sourceTree = BUILT_PRODUCTS_DIR; };
		6669F6362C19EF8B00BC7951 /* AngiesHomeApp.swift */ = {isa = PBXFileReference; lastKnownFileType = sourcecode.swift; path = AngiesHomeApp.swift; sourceTree = "<group>"; };
		6669F6382C19EF8B00BC7951 /* ContentView.swift */ = {isa = PBXFileReference; lastKnownFileType = sourcecode.swift; path = ContentView.swift; sourceTree = "<group>"; };
		6669F63A2C19EF8D00BC7951 /* Assets.xcassets */ = {isa = PBXFileReference; lastKnownFileType = folder.assetcatalog; path = Assets.xcassets; sourceTree = "<group>"; };
		6669F63D2C19EF8D00BC7951 /* Preview Assets.xcassets */ = {isa = PBXFileReference; lastKnownFileType = folder.assetcatalog; path = "Preview Assets.xcassets"; sourceTree = "<group>"; };
		6669F6432C19EF8D00BC7951 /* AngiesHomeTests.xctest */ = {isa = PBXFileReference; explicitFileType = wrapper.cfbundle; includeInIndex = 0; path = AngiesHomeTests.xctest; sourceTree = BUILT_PRODUCTS_DIR; };
		6669F6472C19EF8D00BC7951 /* AngiesHomeTests.swift */ = {isa = PBXFileReference; lastKnownFileType = sourcecode.swift; path = AngiesHomeTests.swift; sourceTree = "<group>"; };
		6669F64D2C19EF8D00BC7951 /* AngiesHomeUITests.xctest */ = {isa = PBXFileReference; explicitFileType = wrapper.cfbundle; includeInIndex = 0; path = AngiesHomeUITests.xctest; sourceTree = BUILT_PRODUCTS_DIR; };
		6669F6512C19EF8D00BC7951 /* AngiesHomeUITests.swift */ = {isa = PBXFileReference; lastKnownFileType = sourcecode.swift; path = AngiesHomeUITests.swift; sourceTree = "<group>"; };
		6669F6532C19EF8D00BC7951 /* AngiesHomeUITestsLaunchTests.swift */ = {isa = PBXFileReference; lastKnownFileType = sourcecode.swift; path = AngiesHomeUITestsLaunchTests.swift; sourceTree = "<group>"; };
		6669F6602C19F1A900BC7951 /* ModelData.swift */ = {isa = PBXFileReference; lastKnownFileType = sourcecode.swift; path = ModelData.swift; sourceTree = "<group>"; };
		6669F6652C19F2D200BC7951 /* CircleImage.swift */ = {isa = PBXFileReference; lastKnownFileType = sourcecode.swift; path = CircleImage.swift; sourceTree = "<group>"; };
		6669F6672C19F2E100BC7951 /* MapView.swift */ = {isa = PBXFileReference; lastKnownFileType = sourcecode.swift; path = MapView.swift; sourceTree = "<group>"; };
		6669F6692C19F32700BC7951 /* FacilityRow.swift */ = {isa = PBXFileReference; lastKnownFileType = sourcecode.swift; path = FacilityRow.swift; sourceTree = "<group>"; };
		6669F66E2C19F6D500BC7951 /* facilityData.json */ = {isa = PBXFileReference; fileEncoding = 4; lastKnownFileType = text.json; name = facilityData.json; path = ../../../../Downloads/BuildingListsAndNavigation/Complete/Landmarks/Resources/facilityData.json; sourceTree = "<group>"; };
		6669F6712C1B293500BC7951 /* Facility.swift */ = {isa = PBXFileReference; lastKnownFileType = sourcecode.swift; path = Facility.swift; sourceTree = "<group>"; };
		6669F6772C1B319600BC7951 /* FacilityList.swift */ = {isa = PBXFileReference; lastKnownFileType = sourcecode.swift; path = FacilityList.swift; sourceTree = "<group>"; };
		6669F6792C1B373700BC7951 /* FacilityDetail.swift */ = {isa = PBXFileReference; lastKnownFileType = sourcecode.swift; path = FacilityDetail.swift; sourceTree = "<group>"; };
		6669F67B2C20820900BC7951 /* ToggleButton.swift */ = {isa = PBXFileReference; lastKnownFileType = sourcecode.swift; path = ToggleButton.swift; sourceTree = "<group>"; };
/* End PBXFileReference section */

/* Begin PBXFrameworksBuildPhase section */
		6669F6302C19EF8B00BC7951 /* Frameworks */ = {
			isa = PBXFrameworksBuildPhase;
			buildActionMask = 2147483647;
			files = (
			);
			runOnlyForDeploymentPostprocessing = 0;
		};
		6669F6402C19EF8D00BC7951 /* Frameworks */ = {
			isa = PBXFrameworksBuildPhase;
			buildActionMask = 2147483647;
			files = (
			);
			runOnlyForDeploymentPostprocessing = 0;
		};
		6669F64A2C19EF8D00BC7951 /* Frameworks */ = {
			isa = PBXFrameworksBuildPhase;
			buildActionMask = 2147483647;
			files = (
			);
			runOnlyForDeploymentPostprocessing = 0;
		};
/* End PBXFrameworksBuildPhase section */

/* Begin PBXGroup section */
		6669F62A2C19EF8B00BC7951 = {
			isa = PBXGroup;
			children = (
				6669F6352C19EF8B00BC7951 /* AngiesHome */,
				6669F6462C19EF8D00BC7951 /* AngiesHomeTests */,
				6669F6502C19EF8D00BC7951 /* AngiesHomeUITests */,
				6669F6342C19EF8B00BC7951 /* Products */,
			);
			sourceTree = "<group>";
		};
		6669F6342C19EF8B00BC7951 /* Products */ = {
			isa = PBXGroup;
			children = (
				6669F6332C19EF8B00BC7951 /* AngiesHome.app */,
				6669F6432C19EF8D00BC7951 /* AngiesHomeTests.xctest */,
				6669F64D2C19EF8D00BC7951 /* AngiesHomeUITests.xctest */,
			);
			name = Products;
			sourceTree = "<group>";
		};
		6669F6352C19EF8B00BC7951 /* AngiesHome */ = {
			isa = PBXGroup;
			children = (
				6669F67D2C20830700BC7951 /* Helper */,
				6669F6362C19EF8B00BC7951 /* AngiesHomeApp.swift */,
				6669F6702C1B289E00BC7951 /* Facilities */,
				6669F6622C19F29400BC7951 /* Model */,
				6669F63A2C19EF8D00BC7951 /* Assets.xcassets */,
				6669F66B2C19F5D800BC7951 /* Resources */,
				6669F63C2C19EF8D00BC7951 /* Preview Content */,
			);
			path = AngiesHome;
			sourceTree = "<group>";
		};
		6669F63C2C19EF8D00BC7951 /* Preview Content */ = {
			isa = PBXGroup;
			children = (
				6669F63D2C19EF8D00BC7951 /* Preview Assets.xcassets */,
			);
			path = "Preview Content";
			sourceTree = "<group>";
		};
		6669F6462C19EF8D00BC7951 /* AngiesHomeTests */ = {
			isa = PBXGroup;
			children = (
				6669F6472C19EF8D00BC7951 /* AngiesHomeTests.swift */,
			);
			path = AngiesHomeTests;
			sourceTree = "<group>";
		};
		6669F6502C19EF8D00BC7951 /* AngiesHomeUITests */ = {
			isa = PBXGroup;
			children = (
				6669F6512C19EF8D00BC7951 /* AngiesHomeUITests.swift */,
				6669F6532C19EF8D00BC7951 /* AngiesHomeUITestsLaunchTests.swift */,
			);
			path = AngiesHomeUITests;
			sourceTree = "<group>";
		};
		6669F6622C19F29400BC7951 /* Model */ = {
			isa = PBXGroup;
			children = (
				6669F6602C19F1A900BC7951 /* ModelData.swift */,
				6669F6712C1B293500BC7951 /* Facility.swift */,
			);
			path = Model;
			sourceTree = "<group>";
		};
		6669F66B2C19F5D800BC7951 /* Resources */ = {
			isa = PBXGroup;
			children = (
				6669F66E2C19F6D500BC7951 /* facilityData.json */,
			);
			path = Resources;
			sourceTree = "<group>";
		};
		6669F6702C1B289E00BC7951 /* Facilities */ = {
			isa = PBXGroup;
			children = (
				6669F6382C19EF8B00BC7951 /* ContentView.swift */,
				6669F6772C1B319600BC7951 /* FacilityList.swift */,
				6669F6692C19F32700BC7951 /* FacilityRow.swift */,
				6669F6792C1B373700BC7951 /* FacilityDetail.swift */,
			);
			path = Facilities;
			sourceTree = "<group>";
		};
		6669F67D2C20830700BC7951 /* Helper */ = {
			isa = PBXGroup;
			children = (
				6669F67B2C20820900BC7951 /* ToggleButton.swift */,
				6669F6652C19F2D200BC7951 /* CircleImage.swift */,
				6669F6672C19F2E100BC7951 /* MapView.swift */,
			);
			path = Helper;
			sourceTree = "<group>";
		};
/* End PBXGroup section */

/* Begin PBXNativeTarget section */
		6669F6322C19EF8B00BC7951 /* AngiesHome */ = {
			isa = PBXNativeTarget;
			buildConfigurationList = 6669F6572C19EF8D00BC7951 /* Build configuration list for PBXNativeTarget "AngiesHome" */;
			buildPhases = (
				6669F62F2C19EF8B00BC7951 /* Sources */,
				6669F6302C19EF8B00BC7951 /* Frameworks */,
				6669F6312C19EF8B00BC7951 /* Resources */,
			);
			buildRules = (
			);
			dependencies = (
			);
			name = AngiesHome;
			productName = AngiesHome;
			productReference = 6669F6332C19EF8B00BC7951 /* AngiesHome.app */;
			productType = "com.apple.product-type.application";
		};
		6669F6422C19EF8D00BC7951 /* AngiesHomeTests */ = {
			isa = PBXNativeTarget;
			buildConfigurationList = 6669F65A2C19EF8D00BC7951 /* Build configuration list for PBXNativeTarget "AngiesHomeTests" */;
			buildPhases = (
				6669F63F2C19EF8D00BC7951 /* Sources */,
				6669F6402C19EF8D00BC7951 /* Frameworks */,
				6669F6412C19EF8D00BC7951 /* Resources */,
			);
			buildRules = (
			);
			dependencies = (
				6669F6452C19EF8D00BC7951 /* PBXTargetDependency */,
			);
			name = AngiesHomeTests;
			productName = AngiesHomeTests;
			productReference = 6669F6432C19EF8D00BC7951 /* AngiesHomeTests.xctest */;
			productType = "com.apple.product-type.bundle.unit-test";
		};
		6669F64C2C19EF8D00BC7951 /* AngiesHomeUITests */ = {
			isa = PBXNativeTarget;
			buildConfigurationList = 6669F65D2C19EF8D00BC7951 /* Build configuration list for PBXNativeTarget "AngiesHomeUITests" */;
			buildPhases = (
				6669F6492C19EF8D00BC7951 /* Sources */,
				6669F64A2C19EF8D00BC7951 /* Frameworks */,
				6669F64B2C19EF8D00BC7951 /* Resources */,
			);
			buildRules = (
			);
			dependencies = (
				6669F64F2C19EF8D00BC7951 /* PBXTargetDependency */,
			);
			name = AngiesHomeUITests;
			productName = AngiesHomeUITests;
			productReference = 6669F64D2C19EF8D00BC7951 /* AngiesHomeUITests.xctest */;
			productType = "com.apple.product-type.bundle.ui-testing";
		};
/* End PBXNativeTarget section */

/* Begin PBXProject section */
		6669F62B2C19EF8B00BC7951 /* Project object */ = {
			isa = PBXProject;
			attributes = {
				BuildIndependentTargetsInParallel = 1;
				LastSwiftUpdateCheck = 1540;
				LastUpgradeCheck = 1540;
				TargetAttributes = {
					6669F6322C19EF8B00BC7951 = {
						CreatedOnToolsVersion = 15.4;
					};
					6669F6422C19EF8D00BC7951 = {
						CreatedOnToolsVersion = 15.4;
						TestTargetID = 6669F6322C19EF8B00BC7951;
					};
					6669F64C2C19EF8D00BC7951 = {
						CreatedOnToolsVersion = 15.4;
						TestTargetID = 6669F6322C19EF8B00BC7951;
					};
				};
			};
			buildConfigurationList = 6669F62E2C19EF8B00BC7951 /* Build configuration list for PBXProject "AngiesHome" */;
			compatibilityVersion = "Xcode 14.0";
			developmentRegion = en;
			hasScannedForEncodings = 0;
			knownRegions = (
				en,
				Base,
			);
			mainGroup = 6669F62A2C19EF8B00BC7951;
			productRefGroup = 6669F6342C19EF8B00BC7951 /* Products */;
			projectDirPath = "";
			projectRoot = "";
			targets = (
				6669F6322C19EF8B00BC7951 /* AngiesHome */,
				6669F6422C19EF8D00BC7951 /* AngiesHomeTests */,
				6669F64C2C19EF8D00BC7951 /* AngiesHomeUITests */,
			);
		};
/* End PBXProject section */

/* Begin PBXResourcesBuildPhase section */
		6669F6312C19EF8B00BC7951 /* Resources */ = {
			isa = PBXResourcesBuildPhase;
			buildActionMask = 2147483647;
			files = (
				6669F66F2C19F6D600BC7951 /* facilityData.json in Resources */,
				6669F63E2C19EF8D00BC7951 /* Preview Assets.xcassets in Resources */,
				6669F63B2C19EF8D00BC7951 /* Assets.xcassets in Resources */,
			);
			runOnlyForDeploymentPostprocessing = 0;
		};
		6669F6412C19EF8D00BC7951 /* Resources */ = {
			isa = PBXResourcesBuildPhase;
			buildActionMask = 2147483647;
			files = (
			);
			runOnlyForDeploymentPostprocessing = 0;
		};
		6669F64B2C19EF8D00BC7951 /* Resources */ = {
			isa = PBXResourcesBuildPhase;
			buildActionMask = 2147483647;
			files = (
			);
			runOnlyForDeploymentPostprocessing = 0;
		};
/* End PBXResourcesBuildPhase section */

/* Begin PBXSourcesBuildPhase section */
		6669F62F2C19EF8B00BC7951 /* Sources */ = {
			isa = PBXSourcesBuildPhase;
			buildActionMask = 2147483647;
			files = (
				6669F6392C19EF8B00BC7951 /* ContentView.swift in Sources */,
				6669F6682C19F2E100BC7951 /* MapView.swift in Sources */,
				6669F6372C19EF8B00BC7951 /* AngiesHomeApp.swift in Sources */,
				6669F6612C19F1A900BC7951 /* ModelData.swift in Sources */,
				6669F66A2C19F32700BC7951 /* FacilityRow.swift in Sources */,
				6669F67A2C1B373700BC7951 /* FacilityDetail.swift in Sources */,
				6669F6722C1B293500BC7951 /* Facility.swift in Sources */,
				6669F6782C1B319600BC7951 /* FacilityList.swift in Sources */,
				6669F6662C19F2D200BC7951 /* CircleImage.swift in Sources */,
				6669F67C2C20820900BC7951 /* ToggleButton.swift in Sources */,
			);
			runOnlyForDeploymentPostprocessing = 0;
		};
		6669F63F2C19EF8D00BC7951 /* Sources */ = {
			isa = PBXSourcesBuildPhase;
			buildActionMask = 2147483647;
			files = (
				6669F6482C19EF8D00BC7951 /* AngiesHomeTests.swift in Sources */,
			);
			runOnlyForDeploymentPostprocessing = 0;
		};
		6669F6492C19EF8D00BC7951 /* Sources */ = {
			isa = PBXSourcesBuildPhase;
			buildActionMask = 2147483647;
			files = (
				6669F6542C19EF8D00BC7951 /* AngiesHomeUITestsLaunchTests.swift in Sources */,
				6669F6522C19EF8D00BC7951 /* AngiesHomeUITests.swift in Sources */,
			);
			runOnlyForDeploymentPostprocessing = 0;
		};
/* End PBXSourcesBuildPhase section */

/* Begin PBXTargetDependency section */
		6669F6452C19EF8D00BC7951 /* PBXTargetDependency */ = {
			isa = PBXTargetDependency;
			target = 6669F6322C19EF8B00BC7951 /* AngiesHome */;
			targetProxy = 6669F6442C19EF8D00BC7951 /* PBXContainerItemProxy */;
		};
		6669F64F2C19EF8D00BC7951 /* PBXTargetDependency */ = {
			isa = PBXTargetDependency;
			target = 6669F6322C19EF8B00BC7951 /* AngiesHome */;
			targetProxy = 6669F64E2C19EF8D00BC7951 /* PBXContainerItemProxy */;
		};
/* End PBXTargetDependency section */

/* Begin XCBuildConfiguration section */
		6669F6552C19EF8D00BC7951 /* Debug */ = {
			isa = XCBuildConfiguration;
			buildSettings = {
				ALWAYS_SEARCH_USER_PATHS = NO;
				ASSETCATALOG_COMPILER_GENERATE_SWIFT_ASSET_SYMBOL_EXTENSIONS = YES;
				CLANG_ANALYZER_NONNULL = YES;
				CLANG_ANALYZER_NUMBER_OBJECT_CONVERSION = YES_AGGRESSIVE;
				CLANG_CXX_LANGUAGE_STANDARD = "gnu++20";
				CLANG_ENABLE_MODULES = YES;
				CLANG_ENABLE_OBJC_ARC = YES;
				CLANG_ENABLE_OBJC_WEAK = YES;
				CLANG_WARN_BLOCK_CAPTURE_AUTORELEASING = YES;
				CLANG_WARN_BOOL_CONVERSION = YES;
				CLANG_WARN_COMMA = YES;
				CLANG_WARN_CONSTANT_CONVERSION = YES;
				CLANG_WARN_DEPRECATED_OBJC_IMPLEMENTATIONS = YES;
				CLANG_WARN_DIRECT_OBJC_ISA_USAGE = YES_ERROR;
				CLANG_WARN_DOCUMENTATION_COMMENTS = YES;
				CLANG_WARN_EMPTY_BODY = YES;
				CLANG_WARN_ENUM_CONVERSION = YES;
				CLANG_WARN_INFINITE_RECURSION = YES;
				CLANG_WARN_INT_CONVERSION = YES;
				CLANG_WARN_NON_LITERAL_NULL_CONVERSION = YES;
				CLANG_WARN_OBJC_IMPLICIT_RETAIN_SELF = YES;
				CLANG_WARN_OBJC_LITERAL_CONVERSION = YES;
				CLANG_WARN_OBJC_ROOT_CLASS = YES_ERROR;
				CLANG_WARN_QUOTED_INCLUDE_IN_FRAMEWORK_HEADER = YES;
				CLANG_WARN_RANGE_LOOP_ANALYSIS = YES;
				CLANG_WARN_STRICT_PROTOTYPES = YES;
				CLANG_WARN_SUSPICIOUS_MOVE = YES;
				CLANG_WARN_UNGUARDED_AVAILABILITY = YES_AGGRESSIVE;
				CLANG_WARN_UNREACHABLE_CODE = YES;
				CLANG_WARN__DUPLICATE_METHOD_MATCH = YES;
				COPY_PHASE_STRIP = NO;
				DEBUG_INFORMATION_FORMAT = dwarf;
				ENABLE_STRICT_OBJC_MSGSEND = YES;
				ENABLE_TESTABILITY = YES;
				ENABLE_USER_SCRIPT_SANDBOXING = YES;
				GCC_C_LANGUAGE_STANDARD = gnu17;
				GCC_DYNAMIC_NO_PIC = NO;
				GCC_NO_COMMON_BLOCKS = YES;
				GCC_OPTIMIZATION_LEVEL = 0;
				GCC_PREPROCESSOR_DEFINITIONS = (
					"DEBUG=1",
					"$(inherited)",
				);
				GCC_WARN_64_TO_32_BIT_CONVERSION = YES;
				GCC_WARN_ABOUT_RETURN_TYPE = YES_ERROR;
				GCC_WARN_UNDECLARED_SELECTOR = YES;
				GCC_WARN_UNINITIALIZED_AUTOS = YES_AGGRESSIVE;
				GCC_WARN_UNUSED_FUNCTION = YES;
				GCC_WARN_UNUSED_VARIABLE = YES;
				IPHONEOS_DEPLOYMENT_TARGET = 17.5;
				LOCALIZATION_PREFERS_STRING_CATALOGS = YES;
				MTL_ENABLE_DEBUG_INFO = INCLUDE_SOURCE;
				MTL_FAST_MATH = YES;
				ONLY_ACTIVE_ARCH = YES;
				SDKROOT = iphoneos;
				SWIFT_ACTIVE_COMPILATION_CONDITIONS = "DEBUG $(inherited)";
				SWIFT_OPTIMIZATION_LEVEL = "-Onone";
			};
			name = Debug;
		};
		6669F6562C19EF8D00BC7951 /* Release */ = {
			isa = XCBuildConfiguration;
			buildSettings = {
				ALWAYS_SEARCH_USER_PATHS = NO;
				ASSETCATALOG_COMPILER_GENERATE_SWIFT_ASSET_SYMBOL_EXTENSIONS = YES;
				CLANG_ANALYZER_NONNULL = YES;
				CLANG_ANALYZER_NUMBER_OBJECT_CONVERSION = YES_AGGRESSIVE;
				CLANG_CXX_LANGUAGE_STANDARD = "gnu++20";
				CLANG_ENABLE_MODULES = YES;
				CLANG_ENABLE_OBJC_ARC = YES;
				CLANG_ENABLE_OBJC_WEAK = YES;
				CLANG_WARN_BLOCK_CAPTURE_AUTORELEASING = YES;
				CLANG_WARN_BOOL_CONVERSION = YES;
				CLANG_WARN_COMMA = YES;
				CLANG_WARN_CONSTANT_CONVERSION = YES;
				CLANG_WARN_DEPRECATED_OBJC_IMPLEMENTATIONS = YES;
				CLANG_WARN_DIRECT_OBJC_ISA_USAGE = YES_ERROR;
				CLANG_WARN_DOCUMENTATION_COMMENTS = YES;
				CLANG_WARN_EMPTY_BODY = YES;
				CLANG_WARN_ENUM_CONVERSION = YES;
				CLANG_WARN_INFINITE_RECURSION = YES;
				CLANG_WARN_INT_CONVERSION = YES;
				CLANG_WARN_NON_LITERAL_NULL_CONVERSION = YES;
				CLANG_WARN_OBJC_IMPLICIT_RETAIN_SELF = YES;
				CLANG_WARN_OBJC_LITERAL_CONVERSION = YES;
				CLANG_WARN_OBJC_ROOT_CLASS = YES_ERROR;
				CLANG_WARN_QUOTED_INCLUDE_IN_FRAMEWORK_HEADER = YES;
				CLANG_WARN_RANGE_LOOP_ANALYSIS = YES;
				CLANG_WARN_STRICT_PROTOTYPES = YES;
				CLANG_WARN_SUSPICIOUS_MOVE = YES;
				CLANG_WARN_UNGUARDED_AVAILABILITY = YES_AGGRESSIVE;
				CLANG_WARN_UNREACHABLE_CODE = YES;
				CLANG_WARN__DUPLICATE_METHOD_MATCH = YES;
				COPY_PHASE_STRIP = NO;
				DEBUG_INFORMATION_FORMAT = "dwarf-with-dsym";
				ENABLE_NS_ASSERTIONS = NO;
				ENABLE_STRICT_OBJC_MSGSEND = YES;
				ENABLE_USER_SCRIPT_SANDBOXING = YES;
				GCC_C_LANGUAGE_STANDARD = gnu17;
				GCC_NO_COMMON_BLOCKS = YES;
				GCC_WARN_64_TO_32_BIT_CONVERSION = YES;
				GCC_WARN_ABOUT_RETURN_TYPE = YES_ERROR;
				GCC_WARN_UNDECLARED_SELECTOR = YES;
				GCC_WARN_UNINITIALIZED_AUTOS = YES_AGGRESSIVE;
				GCC_WARN_UNUSED_FUNCTION = YES;
				GCC_WARN_UNUSED_VARIABLE = YES;
				IPHONEOS_DEPLOYMENT_TARGET = 17.5;
				LOCALIZATION_PREFERS_STRING_CATALOGS = YES;
				MTL_ENABLE_DEBUG_INFO = NO;
				MTL_FAST_MATH = YES;
				SDKROOT = iphoneos;
				SWIFT_COMPILATION_MODE = wholemodule;
				VALIDATE_PRODUCT = YES;
			};
			name = Release;
		};
		6669F6582C19EF8D00BC7951 /* Debug */ = {
			isa = XCBuildConfiguration;
			buildSettings = {
				ASSETCATALOG_COMPILER_APPICON_NAME = AppIcon;
				ASSETCATALOG_COMPILER_GLOBAL_ACCENT_COLOR_NAME = AccentColor;
				CODE_SIGN_STYLE = Automatic;
				CURRENT_PROJECT_VERSION = 1;
				DEVELOPMENT_ASSET_PATHS = "\"AngiesHome/Preview Content\"";
				ENABLE_PREVIEWS = YES;
				GENERATE_INFOPLIST_FILE = YES;
				INFOPLIST_KEY_UIApplicationSceneManifest_Generation = YES;
				INFOPLIST_KEY_UIApplicationSupportsIndirectInputEvents = YES;
				INFOPLIST_KEY_UILaunchScreen_Generation = YES;
				INFOPLIST_KEY_UISupportedInterfaceOrientations_iPad = "UIInterfaceOrientationPortrait UIInterfaceOrientationPortraitUpsideDown UIInterfaceOrientationLandscapeLeft UIInterfaceOrientationLandscapeRight";
				INFOPLIST_KEY_UISupportedInterfaceOrientations_iPhone = "UIInterfaceOrientationPortrait UIInterfaceOrientationLandscapeLeft UIInterfaceOrientationLandscapeRight";
				LD_RUNPATH_SEARCH_PATHS = (
					"$(inherited)",
					"@executable_path/Frameworks",
				);
				MARKETING_VERSION = 1.0;
				PRODUCT_BUNDLE_IDENTIFIER = name.angelinalin.AngiesHome;
				PRODUCT_NAME = "$(TARGET_NAME)";
				SWIFT_EMIT_LOC_STRINGS = YES;
				SWIFT_VERSION = 5.0;
				TARGETED_DEVICE_FAMILY = "1,2";
			};
			name = Debug;
		};
		6669F6592C19EF8D00BC7951 /* Release */ = {
			isa = XCBuildConfiguration;
			buildSettings = {
				ASSETCATALOG_COMPILER_APPICON_NAME = AppIcon;
				ASSETCATALOG_COMPILER_GLOBAL_ACCENT_COLOR_NAME = AccentColor;
				CODE_SIGN_STYLE = Automatic;
				CURRENT_PROJECT_VERSION = 1;
				DEVELOPMENT_ASSET_PATHS = "\"AngiesHome/Preview Content\"";
				ENABLE_PREVIEWS = YES;
				GENERATE_INFOPLIST_FILE = YES;
				INFOPLIST_KEY_UIApplicationSceneManifest_Generation = YES;
				INFOPLIST_KEY_UIApplicationSupportsIndirectInputEvents = YES;
				INFOPLIST_KEY_UILaunchScreen_Generation = YES;
				INFOPLIST_KEY_UISupportedInterfaceOrientations_iPad = "UIInterfaceOrientationPortrait UIInterfaceOrientationPortraitUpsideDown UIInterfaceOrientationLandscapeLeft UIInterfaceOrientationLandscapeRight";
				INFOPLIST_KEY_UISupportedInterfaceOrientations_iPhone = "UIInterfaceOrientationPortrait UIInterfaceOrientationLandscapeLeft UIInterfaceOrientationLandscapeRight";
				LD_RUNPATH_SEARCH_PATHS = (
					"$(inherited)",
					"@executable_path/Frameworks",
				);
				MARKETING_VERSION = 1.0;
				PRODUCT_BUNDLE_IDENTIFIER = name.angelinalin.AngiesHome;
				PRODUCT_NAME = "$(TARGET_NAME)";
				SWIFT_EMIT_LOC_STRINGS = YES;
				SWIFT_VERSION = 5.0;
				TARGETED_DEVICE_FAMILY = "1,2";
			};
			name = Release;
		};
		6669F65B2C19EF8D00BC7951 /* Debug */ = {
			isa = XCBuildConfiguration;
			buildSettings = {
				ALWAYS_EMBED_SWIFT_STANDARD_LIBRARIES = YES;
				BUNDLE_LOADER = "$(TEST_HOST)";
				CODE_SIGN_STYLE = Automatic;
				CURRENT_PROJECT_VERSION = 1;
				GENERATE_INFOPLIST_FILE = YES;
				IPHONEOS_DEPLOYMENT_TARGET = 17.5;
				MARKETING_VERSION = 1.0;
				PRODUCT_BUNDLE_IDENTIFIER = name.angelinalin.AngiesHomeTests;
				PRODUCT_NAME = "$(TARGET_NAME)";
				SWIFT_EMIT_LOC_STRINGS = NO;
				SWIFT_VERSION = 5.0;
				TARGETED_DEVICE_FAMILY = "1,2";
				TEST_HOST = "$(BUILT_PRODUCTS_DIR)/AngiesHome.app/$(BUNDLE_EXECUTABLE_FOLDER_PATH)/AngiesHome";
			};
			name = Debug;
		};
		6669F65C2C19EF8D00BC7951 /* Release */ = {
			isa = XCBuildConfiguration;
			buildSettings = {
				ALWAYS_EMBED_SWIFT_STANDARD_LIBRARIES = YES;
				BUNDLE_LOADER = "$(TEST_HOST)";
				CODE_SIGN_STYLE = Automatic;
				CURRENT_PROJECT_VERSION = 1;
				GENERATE_INFOPLIST_FILE = YES;
				IPHONEOS_DEPLOYMENT_TARGET = 17.5;
				MARKETING_VERSION = 1.0;
				PRODUCT_BUNDLE_IDENTIFIER = name.angelinalin.AngiesHomeTests;
				PRODUCT_NAME = "$(TARGET_NAME)";
				SWIFT_EMIT_LOC_STRINGS = NO;
				SWIFT_VERSION = 5.0;
				TARGETED_DEVICE_FAMILY = "1,2";
				TEST_HOST = "$(BUILT_PRODUCTS_DIR)/AngiesHome.app/$(BUNDLE_EXECUTABLE_FOLDER_PATH)/AngiesHome";
			};
			name = Release;
		};
		6669F65E2C19EF8D00BC7951 /* Debug */ = {
			isa = XCBuildConfiguration;
			buildSettings = {
				ALWAYS_EMBED_SWIFT_STANDARD_LIBRARIES = YES;
				CODE_SIGN_STYLE = Automatic;
				CURRENT_PROJECT_VERSION = 1;
				GENERATE_INFOPLIST_FILE = YES;
				MARKETING_VERSION = 1.0;
				PRODUCT_BUNDLE_IDENTIFIER = name.angelinalin.AngiesHomeUITests;
				PRODUCT_NAME = "$(TARGET_NAME)";
				SWIFT_EMIT_LOC_STRINGS = NO;
				SWIFT_VERSION = 5.0;
				TARGETED_DEVICE_FAMILY = "1,2";
				TEST_TARGET_NAME = AngiesHome;
			};
			name = Debug;
		};
		6669F65F2C19EF8D00BC7951 /* Release */ = {
			isa = XCBuildConfiguration;
			buildSettings = {
				ALWAYS_EMBED_SWIFT_STANDARD_LIBRARIES = YES;
				CODE_SIGN_STYLE = Automatic;
				CURRENT_PROJECT_VERSION = 1;
				GENERATE_INFOPLIST_FILE = YES;
				MARKETING_VERSION = 1.0;
				PRODUCT_BUNDLE_IDENTIFIER = name.angelinalin.AngiesHomeUITests;
				PRODUCT_NAME = "$(TARGET_NAME)";
				SWIFT_EMIT_LOC_STRINGS = NO;
				SWIFT_VERSION = 5.0;
				TARGETED_DEVICE_FAMILY = "1,2";
				TEST_TARGET_NAME = AngiesHome;
			};
			name = Release;
		};
/* End XCBuildConfiguration section */

/* Begin XCConfigurationList section */
		6669F62E2C19EF8B00BC7951 /* Build configuration list for PBXProject "AngiesHome" */ = {
			isa = XCConfigurationList;
			buildConfigurations = (
				6669F6552C19EF8D00BC7951 /* Debug */,
				6669F6562C19EF8D00BC7951 /* Release */,
			);
			defaultConfigurationIsVisible = 0;
			defaultConfigurationName = Release;
		};
		6669F6572C19EF8D00BC7951 /* Build configuration list for PBXNativeTarget "AngiesHome" */ = {
			isa = XCConfigurationList;
			buildConfigurations = (
				6669F6582C19EF8D00BC7951 /* Debug */,
				6669F6592C19EF8D00BC7951 /* Release */,
			);
			defaultConfigurationIsVisible = 0;
			defaultConfigurationName = Release;
		};
		6669F65A2C19EF8D00BC7951 /* Build configuration list for PBXNativeTarget "AngiesHomeTests" */ = {
			isa = XCConfigurationList;
			buildConfigurations = (
				6669F65B2C19EF8D00BC7951 /* Debug */,
				6669F65C2C19EF8D00BC7951 /* Release */,
			);
			defaultConfigurationIsVisible = 0;
			defaultConfigurationName = Release;
		};
		6669F65D2C19EF8D00BC7951 /* Build configuration list for PBXNativeTarget "AngiesHomeUITests" */ = {
			isa = XCConfigurationList;
			buildConfigurations = (
				6669F65E2C19EF8D00BC7951 /* Debug */,
				6669F65F2C19EF8D00BC7951 /* Release */,
			);
			defaultConfigurationIsVisible = 0;
			defaultConfigurationName = Release;
		};
/* End XCConfigurationList section */
	};
	rootObject = 6669F62B2C19EF8B00BC7951 /* Project object */;
}
